
Microsoft Visual Studio Solution File, Format Version 12.00
# Visual Studio Version 17
VisualStudioVersion = 17.5.33530.505
MinimumVisualStudioVersion = 10.0.40219.1
Project("{FAE04EC0-301F-11D3-BF4B-00C04F79EFBC}") = "LibraryTravelProject", "LibraryTravelProject\LibraryTravelProject.csproj", "{E5E841A6-003D-4198-91C6-471B6699AB49}"
EndProject
Global
	GlobalSection(SolutionConfigurationPlatforms) = preSolution
		Debug|Any CPU = Debug|Any CPU
		Release|Any CPU = Release|Any CPU
	EndGlobalSection
	GlobalSection(ProjectConfigurationPlatforms) = postSolution
		{E5E841A6-003D-4198-91C6-471B6699AB49}.Debug|Any CPU.ActiveCfg = Debug|Any CPU
		{E5E841A6-003D-4198-91C6-471B6699AB49}.Debug|Any CPU.Build.0 = Debug|Any CPU
		{E5E841A6-003D-4198-91C6-471B6699AB49}.Release|Any CPU.ActiveCfg = Release|Any CPU
		{E5E841A6-003D-4198-91C6-471B6699AB49}.Release|Any CPU.Build.0 = Release|Any CPU
	EndGlobalSection
	GlobalSection(SolutionProperties) = preSolution
		HideSolutionNode = FALSE
	EndGlobalSection
	GlobalSection(ExtensibilityGlobals) = postSolution
		SolutionGuid = {F9209649-8A27-4BBB-85CF-6F284C6D4996}
	EndGlobalSection
EndGlobal
